
Microsoft Visual Studio Solution File, Format Version 12.00
# Visual Studio Version 17
VisualStudioVersion = 17.11.35312.102
MinimumVisualStudioVersion = 10.0.40219.1
Project("{FAE04EC0-301F-11D3-BF4B-00C04F79EFBC}") = "laba2", "laba2\laba2.csproj", "{013BCBE2-C80E-4DEC-A0A8-60C125906377}"
EndProject
Global
	GlobalSection(SolutionConfigurationPlatforms) = preSolution
		Debug|Any CPU = Debug|Any CPU
		Release|Any CPU = Release|Any CPU
	EndGlobalSection
	GlobalSection(ProjectConfigurationPlatforms) = postSolution
		{013BCBE2-C80E-4DEC-A0A8-60C125906377}.Debug|Any CPU.ActiveCfg = Debug|Any CPU
		{013BCBE2-C80E-4DEC-A0A8-60C125906377}.Debug|Any CPU.Build.0 = Debug|Any CPU
		{013BCBE2-C80E-4DEC-A0A8-60C125906377}.Release|Any CPU.ActiveCfg = Release|Any CPU
		{013BCBE2-C80E-4DEC-A0A8-60C125906377}.Release|Any CPU.Build.0 = Release|Any CPU
	EndGlobalSection
	GlobalSection(SolutionProperties) = preSolution
		HideSolutionNode = FALSE
	EndGlobalSection
	GlobalSection(ExtensibilityGlobals) = postSolution
		SolutionGuid = {3E9FBDAA-C956-4672-9942-60E057792A18}
	EndGlobalSection
EndGlobal
